
Microsoft Visual Studio Solution File, Format Version 12.00
# Visual Studio Version 17
VisualStudioVersion = 17.8.34322.80
MinimumVisualStudioVersion = 10.0.40219.1
Project("{8BC9CEB8-8B4A-11D0-8D11-00A0C91BC942}") = "Odev", "Odev.vcxproj", "{A4319FA1-BAD8-496A-8AFD-941069047055}"
EndProject
Global
	GlobalSection(SolutionConfigurationPlatforms) = preSolution
		Debug|x64 = Debug|x64
		Debug|x86 = Debug|x86
		Release|x64 = Release|x64
		Release|x86 = Release|x86
	EndGlobalSection
	GlobalSection(ProjectConfigurationPlatforms) = postSolution
		{A4319FA1-BAD8-496A-8AFD-941069047055}.Debug|x64.ActiveCfg = Debug|x64
		{A4319FA1-BAD8-496A-8AFD-941069047055}.Debug|x64.Build.0 = Debug|x64
		{A4319FA1-BAD8-496A-8AFD-941069047055}.Debug|x86.ActiveCfg = Debug|Win32
		{A4319FA1-BAD8-496A-8AFD-941069047055}.Debug|x86.Build.0 = Debug|Win32
		{A4319FA1-BAD8-496A-8AFD-941069047055}.Release|x64.ActiveCfg = Release|x64
		{A4319FA1-BAD8-496A-8AFD-941069047055}.Release|x64.Build.0 = Release|x64
		{A4319FA1-BAD8-496A-8AFD-941069047055}.Release|x86.ActiveCfg = Release|Win32
		{A4319FA1-BAD8-496A-8AFD-941069047055}.Release|x86.Build.0 = Release|Win32
	EndGlobalSection
	GlobalSection(SolutionProperties) = preSolution
		HideSolutionNode = FALSE
	EndGlobalSection
	GlobalSection(ExtensibilityGlobals) = postSolution
		SolutionGuid = {2F21DCA0-8113-4798-A490-00356DAEAFC7}
	EndGlobalSection
EndGlobal
